
Microsoft Visual Studio Solution File, Format Version 12.00
# Visual Studio Version 17
VisualStudioVersion = 17.5.33530.505
MinimumVisualStudioVersion = 10.0.40219.1
Project("{FAE04EC0-301F-11D3-BF4B-00C04F79EFBC}") = "AudioTextToSpeech", "AudioTextToSpeech.csproj", "{AA6118D2-A6FA-49F2-BBDE-F49B66E5CE57}"
EndProject
Project("{2150E333-8FDC-42A3-9474-1A3956D46DE8}") = "Sonidos", "Sonidos", "{4B29F0EC-709E-4A0D-AAAF-F1BF70505349}"
EndProject
Global
	GlobalSection(SolutionConfigurationPlatforms) = preSolution
		Debug|Any CPU = Debug|Any CPU
		Release|Any CPU = Release|Any CPU
	EndGlobalSection
	GlobalSection(ProjectConfigurationPlatforms) = postSolution
		{AA6118D2-A6FA-49F2-BBDE-F49B66E5CE57}.Debug|Any CPU.ActiveCfg = Debug|Any CPU
		{AA6118D2-A6FA-49F2-BBDE-F49B66E5CE57}.Debug|Any CPU.Build.0 = Debug|Any CPU
		{AA6118D2-A6FA-49F2-BBDE-F49B66E5CE57}.Release|Any CPU.ActiveCfg = Release|Any CPU
		{AA6118D2-A6FA-49F2-BBDE-F49B66E5CE57}.Release|Any CPU.Build.0 = Release|Any CPU
	EndGlobalSection
	GlobalSection(SolutionProperties) = preSolution
		HideSolutionNode = FALSE
	EndGlobalSection
	GlobalSection(ExtensibilityGlobals) = postSolution
		SolutionGuid = {A53FAE50-C86C-4149-A758-E2726F6A721B}
	EndGlobalSection
EndGlobal
